
Microsoft Visual Studio Solution File, Format Version 12.00
# Visual Studio 15
VisualStudioVersion = 15.0.26419.1
MinimumVisualStudioVersion = 10.0.40219.1
Project("{FAE04EC0-301F-11D3-BF4B-00C04F79EFBC}") = "XamFormsSample.Droid", "XamFormsSample\XamFormsSample.Droid\XamFormsSample.Droid.csproj", "{99B148BA-B372-4F28-8940-6121620188A1}"
EndProject
Project("{FAE04EC0-301F-11D3-BF4B-00C04F79EFBC}") = "XamFormsSample.iOS", "XamFormsSample\XamFormsSample.iOS\XamFormsSample.iOS.csproj", "{97ED43F6-D0EF-439E-86A3-AB2C4C25D625}"
EndProject
Project("{FAE04EC0-301F-11D3-BF4B-00C04F79EFBC}") = "XamFormsSample.UWP", "XamFormsSample\XamFormsSample.UWP\XamFormsSample.UWP.csproj", "{2BF9EE4D-9563-4858-B4DE-0DAE65097BB1}"
EndProject
Project("{FAE04EC0-301F-11D3-BF4B-00C04F79EFBC}") = "XamFormsSample", "XamFormsSample\XamFormsSample\XamFormsSample.csproj", "{346B272E-230A-4D77-A9F6-D1373CA41EBF}"
EndProject
Global
	GlobalSection(SolutionConfigurationPlatforms) = preSolution
		Ad-Hoc|Any CPU = Ad-Hoc|Any CPU
		Ad-Hoc|ARM = Ad-Hoc|ARM
		Ad-Hoc|iPhone = Ad-Hoc|iPhone
		Ad-Hoc|iPhoneSimulator = Ad-Hoc|iPhoneSimulator
		Ad-Hoc|x64 = Ad-Hoc|x64
		Ad-Hoc|x86 = Ad-Hoc|x86
		AppStore|Any CPU = AppStore|Any CPU
		AppStore|ARM = AppStore|ARM
		AppStore|iPhone = AppStore|iPhone
		AppStore|iPhoneSimulator = AppStore|iPhoneSimulator
		AppStore|x64 = AppStore|x64
		AppStore|x86 = AppStore|x86
		Debug|Any CPU = Debug|Any CPU
		Debug|ARM = Debug|ARM
		Debug|iPhone = Debug|iPhone
		Debug|iPhoneSimulator = Debug|iPhoneSimulator
		Debug|x64 = Debug|x64
		Debug|x86 = Debug|x86
		Release|Any CPU = Release|Any CPU
		Release|ARM = Release|ARM
		Release|iPhone = Release|iPhone
		Release|iPhoneSimulator = Release|iPhoneSimulator
		Release|x64 = Release|x64
		Release|x86 = Release|x86
	EndGlobalSection
	GlobalSection(ProjectConfigurationPlatforms) = postSolution
		{99B148BA-B372-4F28-8940-6121620188A1}.Ad-Hoc|Any CPU.ActiveCfg = Release|Any CPU
		{99B148BA-B372-4F28-8940-6121620188A1}.Ad-Hoc|Any CPU.Build.0 = Release|Any CPU
		{99B148BA-B372-4F28-8940-6121620188A1}.Ad-Hoc|Any CPU.Deploy.0 = Release|Any CPU
		{99B148BA-B372-4F28-8940-6121620188A1}.Ad-Hoc|ARM.ActiveCfg = Release|Any CPU
		{99B148BA-B372-4F28-8940-6121620188A1}.Ad-Hoc|ARM.Build.0 = Release|Any CPU
		{99B148BA-B372-4F28-8940-6121620188A1}.Ad-Hoc|ARM.Deploy.0 = Release|Any CPU
		{99B148BA-B372-4F28-8940-6121620188A1}.Ad-Hoc|iPhone.ActiveCfg = Release|Any CPU
		{99B148BA-B372-4F28-8940-6121620188A1}.Ad-Hoc|iPhone.Build.0 = Release|Any CPU
		{99B148BA-B372-4F28-8940-6121620188A1}.Ad-Hoc|iPhone.Deploy.0 = Release|Any CPU
		{99B148BA-B372-4F28-8940-6121620188A1}.Ad-Hoc|iPhoneSimulator.ActiveCfg = Release|Any CPU
		{99B148BA-B372-4F28-8940-6121620188A1}.Ad-Hoc|iPhoneSimulator.Build.0 = Release|Any CPU
		{99B148BA-B372-4F28-8940-6121620188A1}.Ad-Hoc|iPhoneSimulator.Deploy.0 = Release|Any CPU
		{99B148BA-B372-4F28-8940-6121620188A1}.Ad-Hoc|x64.ActiveCfg = Release|Any CPU
		{99B148BA-B372-4F28-8940-6121620188A1}.Ad-Hoc|x64.Build.0 = Release|Any CPU
		{99B148BA-B372-4F28-8940-6121620188A1}.Ad-Hoc|x64.Deploy.0 = Release|Any CPU
		{99B148BA-B372-4F28-8940-6121620188A1}.Ad-Hoc|x86.ActiveCfg = Release|Any CPU
		{99B148BA-B372-4F28-8940-6121620188A1}.Ad-Hoc|x86.Build.0 = Release|Any CPU
		{99B148BA-B372-4F28-8940-6121620188A1}.Ad-Hoc|x86.Deploy.0 = Release|Any CPU
		{99B148BA-B372-4F28-8940-6121620188A1}.AppStore|Any CPU.ActiveCfg = Release|Any CPU
		{99B148BA-B372-4F28-8940-6121620188A1}.AppStore|Any CPU.Build.0 = Release|Any CPU
		{99B148BA-B372-4F28-8940-6121620188A1}.AppStore|Any CPU.Deploy.0 = Release|Any CPU
		{99B148BA-B372-4F28-8940-6121620188A1}.AppStore|ARM.ActiveCfg = Release|Any CPU
		{99B148BA-B372-4F28-8940-6121620188A1}.AppStore|ARM.Build.0 = Release|Any CPU
		{99B148BA-B372-4F28-8940-6121620188A1}.AppStore|ARM.Deploy.0 = Release|Any CPU
		{99B148BA-B372-4F28-8940-6121620188A1}.AppStore|iPhone.ActiveCfg = Release|Any CPU
		{99B148BA-B372-4F28-8940-6121620188A1}.AppStore|iPhone.Build.0 = Release|Any CPU
		{99B148BA-B372-4F28-8940-6121620188A1}.AppStore|iPhone.Deploy.0 = Release|Any CPU
		{99B148BA-B372-4F28-8940-6121620188A1}.AppStore|iPhoneSimulator.ActiveCfg = Release|Any CPU
		{99B148BA-B372-4F28-8940-6121620188A1}.AppStore|iPhoneSimulator.Build.0 = Release|Any CPU
		{99B148BA-B372-4F28-8940-6121620188A1}.AppStore|iPhoneSimulator.Deploy.0 = Release|Any CPU
		{99B148BA-B372-4F28-8940-6121620188A1}.AppStore|x64.ActiveCfg = Release|Any CPU
		{99B148BA-B372-4F28-8940-6121620188A1}.AppStore|x64.Build.0 = Release|Any CPU
		{99B148BA-B372-4F28-8940-6121620188A1}.AppStore|x64.Deploy.0 = Release|Any CPU
		{99B148BA-B372-4F28-8940-6121620188A1}.AppStore|x86.ActiveCfg = Release|Any CPU
		{99B148BA-B372-4F28-8940-6121620188A1}.AppStore|x86.Build.0 = Release|Any CPU
		{99B148BA-B372-4F28-8940-6121620188A1}.AppStore|x86.Deploy.0 = Release|Any CPU
		{99B148BA-B372-4F28-8940-6121620188A1}.Debug|Any CPU.ActiveCfg = Debug|Any CPU
		{99B148BA-B372-4F28-8940-6121620188A1}.Debug|Any CPU.Build.0 = Debug|Any CPU
		{99B148BA-B372-4F28-8940-6121620188A1}.Debug|Any CPU.Deploy.0 = Debug|Any CPU
		{99B148BA-B372-4F28-8940-6121620188A1}.Debug|ARM.ActiveCfg = Debug|Any CPU
		{99B148BA-B372-4F28-8940-6121620188A1}.Debug|ARM.Build.0 = Debug|Any CPU
		{99B148BA-B372-4F28-8940-6121620188A1}.Debug|ARM.Deploy.0 = Debug|Any CPU
		{99B148BA-B372-4F28-8940-6121620188A1}.Debug|iPhone.ActiveCfg = Debug|Any CPU
		{99B148BA-B372-4F28-8940-6121620188A1}.Debug|iPhone.Build.0 = Debug|Any CPU
		{99B148BA-B372-4F28-8940-6121620188A1}.Debug|iPhone.Deploy.0 = Debug|Any CPU
		{99B148BA-B372-4F28-8940-6121620188A1}.Debug|iPhoneSimulator.ActiveCfg = Debug|Any CPU
		{99B148BA-B372-4F28-8940-6121620188A1}.Debug|iPhoneSimulator.Build.0 = Debug|Any CPU
		{99B148BA-B372-4F28-8940-6121620188A1}.Debug|iPhoneSimulator.Deploy.0 = Debug|Any CPU
		{99B148BA-B372-4F28-8940-6121620188A1}.Debug|x64.ActiveCfg = Debug|Any CPU
		{99B148BA-B372-4F28-8940-6121620188A1}.Debug|x64.Build.0 = Debug|Any CPU
		{99B148BA-B372-4F28-8940-6121620188A1}.Debug|x64.Deploy.0 = Debug|Any CPU
		{99B148BA-B372-4F28-8940-6121620188A1}.Debug|x86.ActiveCfg = Debug|Any CPU
		{99B148BA-B372-4F28-8940-6121620188A1}.Debug|x86.Build.0 = Debug|Any CPU
		{99B148BA-B372-4F28-8940-6121620188A1}.Debug|x86.Deploy.0 = Debug|Any CPU
		{99B148BA-B372-4F28-8940-6121620188A1}.Release|Any CPU.ActiveCfg = Release|Any CPU
		{99B148BA-B372-4F28-8940-6121620188A1}.Release|Any CPU.Build.0 = Release|Any CPU
		{99B148BA-B372-4F28-8940-6121620188A1}.Release|Any CPU.Deploy.0 = Release|Any CPU
		{99B148BA-B372-4F28-8940-6121620188A1}.Release|ARM.ActiveCfg = Release|Any CPU
		{99B148BA-B372-4F28-8940-6121620188A1}.Release|ARM.Build.0 = Release|Any CPU
		{99B148BA-B372-4F28-8940-6121620188A1}.Release|ARM.Deploy.0 = Release|Any CPU
		{99B148BA-B372-4F28-8940-6121620188A1}.Release|iPhone.ActiveCfg = Release|Any CPU
		{99B148BA-B372-4F28-8940-6121620188A1}.Release|iPhone.Build.0 = Release|Any CPU
		{99B148BA-B372-4F28-8940-6121620188A1}.Release|iPhone.Deploy.0 = Release|Any CPU
		{99B148BA-B372-4F28-8940-6121620188A1}.Release|iPhoneSimulator.ActiveCfg = Release|Any CPU
		{99B148BA-B372-4F28-8940-6121620188A1}.Release|iPhoneSimulator.Build.0 = Release|Any CPU
		{99B148BA-B372-4F28-8940-6121620188A1}.Release|iPhoneSimulator.Deploy.0 = Release|Any CPU
		{99B148BA-B372-4F28-8940-6121620188A1}.Release|x64.ActiveCfg = Release|Any CPU
		{99B148BA-B372-4F28-8940-6121620188A1}.Release|x64.Build.0 = Release|Any CPU
		{99B148BA-B372-4F28-8940-6121620188A1}.Release|x64.Deploy.0 = Release|Any CPU
		{99B148BA-B372-4F28-8940-6121620188A1}.Release|x86.ActiveCfg = Release|Any CPU
		{99B148BA-B372-4F28-8940-6121620188A1}.Release|x86.Build.0 = Release|Any CPU
		{99B148BA-B372-4F28-8940-6121620188A1}.Release|x86.Deploy.0 = Release|Any CPU
		{97ED43F6-D0EF-439E-86A3-AB2C4C25D625}.Ad-Hoc|Any CPU.ActiveCfg = Ad-Hoc|iPhone
		{97ED43F6-D0EF-439E-86A3-AB2C4C25D625}.Ad-Hoc|ARM.ActiveCfg = Ad-Hoc|iPhone
		{97ED43F6-D0EF-439E-86A3-AB2C4C25D625}.Ad-Hoc|iPhone.ActiveCfg = Ad-Hoc|iPhone
		{97ED43F6-D0EF-439E-86A3-AB2C4C25D625}.Ad-Hoc|iPhone.Build.0 = Ad-Hoc|iPhone
		{97ED43F6-D0EF-439E-86A3-AB2C4C25D625}.Ad-Hoc|iPhoneSimulator.ActiveCfg = Ad-Hoc|iPhoneSimulator
		{97ED43F6-D0EF-439E-86A3-AB2C4C25D625}.Ad-Hoc|iPhoneSimulator.Build.0 = Ad-Hoc|iPhoneSimulator
		{97ED43F6-D0EF-439E-86A3-AB2C4C25D625}.Ad-Hoc|x64.ActiveCfg = Ad-Hoc|iPhone
		{97ED43F6-D0EF-439E-86A3-AB2C4C25D625}.Ad-Hoc|x86.ActiveCfg = Ad-Hoc|iPhone
		{97ED43F6-D0EF-439E-86A3-AB2C4C25D625}.AppStore|Any CPU.ActiveCfg = AppStore|iPhone
		{97ED43F6-D0EF-439E-86A3-AB2C4C25D625}.AppStore|ARM.ActiveCfg = AppStore|iPhone
		{97ED43F6-D0EF-439E-86A3-AB2C4C25D625}.AppStore|iPhone.ActiveCfg = AppStore|iPhone
		{97ED43F6-D0EF-439E-86A3-AB2C4C25D625}.AppStore|iPhone.Build.0 = AppStore|iPhone
		{97ED43F6-D0EF-439E-86A3-AB2C4C25D625}.AppStore|iPhoneSimulator.ActiveCfg = AppStore|iPhoneSimulator
		{97ED43F6-D0EF-439E-86A3-AB2C4C25D625}.AppStore|iPhoneSimulator.Build.0 = AppStore|iPhoneSimulator
		{97ED43F6-D0EF-439E-86A3-AB2C4C25D625}.AppStore|x64.ActiveCfg = AppStore|iPhone
		{97ED43F6-D0EF-439E-86A3-AB2C4C25D625}.AppStore|x86.ActiveCfg = AppStore|iPhone
		{97ED43F6-D0EF-439E-86A3-AB2C4C25D625}.Debug|Any CPU.ActiveCfg = Debug|iPhoneSimulator
		{97ED43F6-D0EF-439E-86A3-AB2C4C25D625}.Debug|Any CPU.Build.0 = Debug|iPhoneSimulator
		{97ED43F6-D0EF-439E-86A3-AB2C4C25D625}.Debug|ARM.ActiveCfg = Debug|iPhone
		{97ED43F6-D0EF-439E-86A3-AB2C4C25D625}.Debug|iPhone.ActiveCfg = Debug|iPhone
		{97ED43F6-D0EF-439E-86A3-AB2C4C25D625}.Debug|iPhone.Build.0 = Debug|iPhone
		{97ED43F6-D0EF-439E-86A3-AB2C4C25D625}.Debug|iPhoneSimulator.ActiveCfg = Debug|iPhoneSimulator
		{97ED43F6-D0EF-439E-86A3-AB2C4C25D625}.Debug|iPhoneSimulator.Build.0 = Debug|iPhoneSimulator
		{97ED43F6-D0EF-439E-86A3-AB2C4C25D625}.Debug|x64.ActiveCfg = Debug|iPhone
		{97ED43F6-D0EF-439E-86A3-AB2C4C25D625}.Debug|x86.ActiveCfg = Debug|iPhone
		{97ED43F6-D0EF-439E-86A3-AB2C4C25D625}.Release|Any CPU.ActiveCfg = Release|iPhone
		{97ED43F6-D0EF-439E-86A3-AB2C4C25D625}.Release|ARM.ActiveCfg = Release|iPhone
		{97ED43F6-D0EF-439E-86A3-AB2C4C25D625}.Release|iPhone.ActiveCfg = Release|iPhone
		{97ED43F6-D0EF-439E-86A3-AB2C4C25D625}.Release|iPhone.Build.0 = Release|iPhone
		{97ED43F6-D0EF-439E-86A3-AB2C4C25D625}.Release|iPhoneSimulator.ActiveCfg = Release|iPhoneSimulator
		{97ED43F6-D0EF-439E-86A3-AB2C4C25D625}.Release|iPhoneSimulator.Build.0 = Release|iPhoneSimulator
		{97ED43F6-D0EF-439E-86A3-AB2C4C25D625}.Release|x64.ActiveCfg = Release|iPhone
		{97ED43F6-D0EF-439E-86A3-AB2C4C25D625}.Release|x86.ActiveCfg = Release|iPhone
		{2BF9EE4D-9563-4858-B4DE-0DAE65097BB1}.Ad-Hoc|Any CPU.ActiveCfg = Release|x86
		{2BF9EE4D-9563-4858-B4DE-0DAE65097BB1}.Ad-Hoc|Any CPU.Build.0 = Release|x86
		{2BF9EE4D-9563-4858-B4DE-0DAE65097BB1}.Ad-Hoc|Any CPU.Deploy.0 = Release|x86
		{2BF9EE4D-9563-4858-B4DE-0DAE65097BB1}.Ad-Hoc|ARM.ActiveCfg = Release|ARM
		{2BF9EE4D-9563-4858-B4DE-0DAE65097BB1}.Ad-Hoc|ARM.Build.0 = Release|ARM
		{2BF9EE4D-9563-4858-B4DE-0DAE65097BB1}.Ad-Hoc|ARM.Deploy.0 = Release|ARM
		{2BF9EE4D-9563-4858-B4DE-0DAE65097BB1}.Ad-Hoc|iPhone.ActiveCfg = Release|x86
		{2BF9EE4D-9563-4858-B4DE-0DAE65097BB1}.Ad-Hoc|iPhone.Build.0 = Release|x86
		{2BF9EE4D-9563-4858-B4DE-0DAE65097BB1}.Ad-Hoc|iPhone.Deploy.0 = Release|x86
		{2BF9EE4D-9563-4858-B4DE-0DAE65097BB1}.Ad-Hoc|iPhoneSimulator.ActiveCfg = Release|x86
		{2BF9EE4D-9563-4858-B4DE-0DAE65097BB1}.Ad-Hoc|iPhoneSimulator.Build.0 = Release|x86
		{2BF9EE4D-9563-4858-B4DE-0DAE65097BB1}.Ad-Hoc|iPhoneSimulator.Deploy.0 = Release|x86
		{2BF9EE4D-9563-4858-B4DE-0DAE65097BB1}.Ad-Hoc|x64.ActiveCfg = Release|x64
		{2BF9EE4D-9563-4858-B4DE-0DAE65097BB1}.Ad-Hoc|x64.Build.0 = Release|x64
		{2BF9EE4D-9563-4858-B4DE-0DAE65097BB1}.Ad-Hoc|x64.Deploy.0 = Release|x64
		{2BF9EE4D-9563-4858-B4DE-0DAE65097BB1}.Ad-Hoc|x86.ActiveCfg = Release|x86
		{2BF9EE4D-9563-4858-B4DE-0DAE65097BB1}.Ad-Hoc|x86.Build.0 = Release|x86
		{2BF9EE4D-9563-4858-B4DE-0DAE65097BB1}.Ad-Hoc|x86.Deploy.0 = Release|x86
		{2BF9EE4D-9563-4858-B4DE-0DAE65097BB1}.AppStore|Any CPU.ActiveCfg = Release|x86
		{2BF9EE4D-9563-4858-B4DE-0DAE65097BB1}.AppStore|Any CPU.Build.0 = Release|x86
		{2BF9EE4D-9563-4858-B4DE-0DAE65097BB1}.AppStore|Any CPU.Deploy.0 = Release|x86
		{2BF9EE4D-9563-4858-B4DE-0DAE65097BB1}.AppStore|ARM.ActiveCfg = Release|ARM
		{2BF9EE4D-9563-4858-B4DE-0DAE65097BB1}.AppStore|ARM.Build.0 = Release|ARM
		{2BF9EE4D-9563-4858-B4DE-0DAE65097BB1}.AppStore|ARM.Deploy.0 = Release|ARM
		{2BF9EE4D-9563-4858-B4DE-0DAE65097BB1}.AppStore|iPhone.ActiveCfg = Release|x86
		{2BF9EE4D-9563-4858-B4DE-0DAE65097BB1}.AppStore|iPhone.Build.0 = Release|x86
		{2BF9EE4D-9563-4858-B4DE-0DAE65097BB1}.AppStore|iPhone.Deploy.0 = Release|x86
		{2BF9EE4D-9563-4858-B4DE-0DAE65097BB1}.AppStore|iPhoneSimulator.ActiveCfg = Release|x86
		{2BF9EE4D-9563-4858-B4DE-0DAE65097BB1}.AppStore|iPhoneSimulator.Build.0 = Release|x86
		{2BF9EE4D-9563-4858-B4DE-0DAE65097BB1}.AppStore|iPhoneSimulator.Deploy.0 = Release|x86
		{2BF9EE4D-9563-4858-B4DE-0DAE65097BB1}.AppStore|x64.ActiveCfg = Release|x64
		{2BF9EE4D-9563-4858-B4DE-0DAE65097BB1}.AppStore|x64.Build.0 = Release|x64
		{2BF9EE4D-9563-4858-B4DE-0DAE65097BB1}.AppStore|x64.Deploy.0 = Release|x64
		{2BF9EE4D-9563-4858-B4DE-0DAE65097BB1}.AppStore|x86.ActiveCfg = Release|x86
		{2BF9EE4D-9563-4858-B4DE-0DAE65097BB1}.AppStore|x86.Build.0 = Release|x86
		{2BF9EE4D-9563-4858-B4DE-0DAE65097BB1}.AppStore|x86.Deploy.0 = Release|x86
		{2BF9EE4D-9563-4858-B4DE-0DAE65097BB1}.Debug|Any CPU.ActiveCfg = Debug|x86
		{2BF9EE4D-9563-4858-B4DE-0DAE65097BB1}.Debug|Any CPU.Build.0 = Debug|x86
		{2BF9EE4D-9563-4858-B4DE-0DAE65097BB1}.Debug|ARM.ActiveCfg = Debug|ARM
		{2BF9EE4D-9563-4858-B4DE-0DAE65097BB1}.Debug|ARM.Build.0 = Debug|ARM
		{2BF9EE4D-9563-4858-B4DE-0DAE65097BB1}.Debug|ARM.Deploy.0 = Debug|ARM
		{2BF9EE4D-9563-4858-B4DE-0DAE65097BB1}.Debug|iPhone.ActiveCfg = Debug|x86
		{2BF9EE4D-9563-4858-B4DE-0DAE65097BB1}.Debug|iPhoneSimulator.ActiveCfg = Debug|x86
		{2BF9EE4D-9563-4858-B4DE-0DAE65097BB1}.Debug|x64.ActiveCfg = Debug|x64
		{2BF9EE4D-9563-4858-B4DE-0DAE65097BB1}.Debug|x64.Build.0 = Debug|x64
		{2BF9EE4D-9563-4858-B4DE-0DAE65097BB1}.Debug|x64.Deploy.0 = Debug|x64
		{2BF9EE4D-9563-4858-B4DE-0DAE65097BB1}.Debug|x86.ActiveCfg = Debug|x86
		{2BF9EE4D-9563-4858-B4DE-0DAE65097BB1}.Debug|x86.Build.0 = Debug|x86
		{2BF9EE4D-9563-4858-B4DE-0DAE65097BB1}.Debug|x86.Deploy.0 = Debug|x86
		{2BF9EE4D-9563-4858-B4DE-0DAE65097BB1}.Release|Any CPU.ActiveCfg = Release|x86
		{2BF9EE4D-9563-4858-B4DE-0DAE65097BB1}.Release|ARM.ActiveCfg = Release|ARM
		{2BF9EE4D-9563-4858-B4DE-0DAE65097BB1}.Release|ARM.Build.0 = Release|ARM
		{2BF9EE4D-9563-4858-B4DE-0DAE65097BB1}.Release|ARM.Deploy.0 = Release|ARM
		{2BF9EE4D-9563-4858-B4DE-0DAE65097BB1}.Release|iPhone.ActiveCfg = Release|x86
		{2BF9EE4D-9563-4858-B4DE-0DAE65097BB1}.Release|iPhoneSimulator.ActiveCfg = Release|x86
		{2BF9EE4D-9563-4858-B4DE-0DAE65097BB1}.Release|x64.ActiveCfg = Release|x64
		{2BF9EE4D-9563-4858-B4DE-0DAE65097BB1}.Release|x64.Build.0 = Release|x64
		{2BF9EE4D-9563-4858-B4DE-0DAE65097BB1}.Release|x64.Deploy.0 = Release|x64
		{2BF9EE4D-9563-4858-B4DE-0DAE65097BB1}.Release|x86.ActiveCfg = Release|x86
		{2BF9EE4D-9563-4858-B4DE-0DAE65097BB1}.Release|x86.Build.0 = Release|x86
		{2BF9EE4D-9563-4858-B4DE-0DAE65097BB1}.Release|x86.Deploy.0 = Release|x86
		{346B272E-230A-4D77-A9F6-D1373CA41EBF}.Ad-Hoc|Any CPU.ActiveCfg = Release|Any CPU
		{346B272E-230A-4D77-A9F6-D1373CA41EBF}.Ad-Hoc|Any CPU.Build.0 = Release|Any CPU
		{346B272E-230A-4D77-A9F6-D1373CA41EBF}.Ad-Hoc|ARM.ActiveCfg = Release|Any CPU
		{346B272E-230A-4D77-A9F6-D1373CA41EBF}.Ad-Hoc|ARM.Build.0 = Release|Any CPU
		{346B272E-230A-4D77-A9F6-D1373CA41EBF}.Ad-Hoc|iPhone.ActiveCfg = Release|Any CPU
		{346B272E-230A-4D77-A9F6-D1373CA41EBF}.Ad-Hoc|iPhone.Build.0 = Release|Any CPU
		{346B272E-230A-4D77-A9F6-D1373CA41EBF}.Ad-Hoc|iPhoneSimulator.ActiveCfg = Release|Any CPU
		{346B272E-230A-4D77-A9F6-D1373CA41EBF}.Ad-Hoc|iPhoneSimulator.Build.0 = Release|Any CPU
		{346B272E-230A-4D77-A9F6-D1373CA41EBF}.Ad-Hoc|x64.ActiveCfg = Release|Any CPU
		{346B272E-230A-4D77-A9F6-D1373CA41EBF}.Ad-Hoc|x64.Build.0 = Release|Any CPU
		{346B272E-230A-4D77-A9F6-D1373CA41EBF}.Ad-Hoc|x86.ActiveCfg = Release|Any CPU
		{346B272E-230A-4D77-A9F6-D1373CA41EBF}.Ad-Hoc|x86.Build.0 = Release|Any CPU
		{346B272E-230A-4D77-A9F6-D1373CA41EBF}.AppStore|Any CPU.ActiveCfg = Release|Any CPU
		{346B272E-230A-4D77-A9F6-D1373CA41EBF}.AppStore|Any CPU.Build.0 = Release|Any CPU
		{346B272E-230A-4D77-A9F6-D1373CA41EBF}.AppStore|ARM.ActiveCfg = Release|Any CPU
		{346B272E-230A-4D77-A9F6-D1373CA41EBF}.AppStore|ARM.Build.0 = Release|Any CPU
		{346B272E-230A-4D77-A9F6-D1373CA41EBF}.AppStore|iPhone.ActiveCfg = Release|Any CPU
		{346B272E-230A-4D77-A9F6-D1373CA41EBF}.AppStore|iPhone.Build.0 = Release|Any CPU
		{346B272E-230A-4D77-A9F6-D1373CA41EBF}.AppStore|iPhoneSimulator.ActiveCfg = Release|Any CPU
		{346B272E-230A-4D77-A9F6-D1373CA41EBF}.AppStore|iPhoneSimulator.Build.0 = Release|Any CPU
		{346B272E-230A-4D77-A9F6-D1373CA41EBF}.AppStore|x64.ActiveCfg = Release|Any CPU
		{346B272E-230A-4D77-A9F6-D1373CA41EBF}.AppStore|x64.Build.0 = Release|Any CPU
		{346B272E-230A-4D77-A9F6-D1373CA41EBF}.AppStore|x86.ActiveCfg = Release|Any CPU
		{346B272E-230A-4D77-A9F6-D1373CA41EBF}.AppStore|x86.Build.0 = Release|Any CPU
		{346B272E-230A-4D77-A9F6-D1373CA41EBF}.Debug|Any CPU.ActiveCfg = Debug|Any CPU
		{346B272E-230A-4D77-A9F6-D1373CA41EBF}.Debug|Any CPU.Build.0 = Debug|Any CPU
		{346B272E-230A-4D77-A9F6-D1373CA41EBF}.Debug|ARM.ActiveCfg = Debug|Any CPU
		{346B272E-230A-4D77-A9F6-D1373CA41EBF}.Debug|ARM.Build.0 = Debug|Any CPU
		{346B272E-230A-4D77-A9F6-D1373CA41EBF}.Debug|iPhone.ActiveCfg = Debug|Any CPU
		{346B272E-230A-4D77-A9F6-D1373CA41EBF}.Debug|iPhone.Build.0 = Debug|Any CPU
		{346B272E-230A-4D77-A9F6-D1373CA41EBF}.Debug|iPhoneSimulator.ActiveCfg = Debug|Any CPU
		{346B272E-230A-4D77-A9F6-D1373CA41EBF}.Debug|iPhoneSimulator.Build.0 = Debug|Any CPU
		{346B272E-230A-4D77-A9F6-D1373CA41EBF}.Debug|x64.ActiveCfg = Debug|Any CPU
		{346B272E-230A-4D77-A9F6-D1373CA41EBF}.Debug|x64.Build.0 = Debug|Any CPU
		{346B272E-230A-4D77-A9F6-D1373CA41EBF}.Debug|x86.ActiveCfg = Debug|Any CPU
		{346B272E-230A-4D77-A9F6-D1373CA41EBF}.Debug|x86.Build.0 = Debug|Any CPU
		{346B272E-230A-4D77-A9F6-D1373CA41EBF}.Release|Any CPU.ActiveCfg = Release|Any CPU
		{346B272E-230A-4D77-A9F6-D1373CA41EBF}.Release|Any CPU.Build.0 = Release|Any CPU
		{346B272E-230A-4D77-A9F6-D1373CA41EBF}.Release|ARM.ActiveCfg = Release|Any CPU
		{346B272E-230A-4D77-A9F6-D1373CA41EBF}.Release|ARM.Build.0 = Release|Any CPU
		{346B272E-230A-4D77-A9F6-D1373CA41EBF}.Release|iPhone.ActiveCfg = Release|Any CPU
		{346B272E-230A-4D77-A9F6-D1373CA41EBF}.Release|iPhone.Build.0 = Release|Any CPU
		{346B272E-230A-4D77-A9F6-D1373CA41EBF}.Release|iPhoneSimulator.ActiveCfg = Release|Any CPU
		{346B272E-230A-4D77-A9F6-D1373CA41EBF}.Release|iPhoneSimulator.Build.0 = Release|Any CPU
		{346B272E-230A-4D77-A9F6-D1373CA41EBF}.Release|x64.ActiveCfg = Release|Any CPU
		{346B272E-230A-4D77-A9F6-D1373CA41EBF}.Release|x64.Build.0 = Release|Any CPU
		{346B272E-230A-4D77-A9F6-D1373CA41EBF}.Release|x86.ActiveCfg = Release|Any CPU
		{346B272E-230A-4D77-A9F6-D1373CA41EBF}.Release|x86.Build.0 = Release|Any CPU
	EndGlobalSection
	GlobalSection(SolutionProperties) = preSolution
		HideSolutionNode = FALSE
	EndGlobalSection
EndGlobal
